# THIS IS AN AUTOGENERATED FILE. DO NOT EDIT THIS FILE DIRECTLY.
# yarn lockfile v1


"@pixi/filter-kawase-blur@3.2.0":
  version "3.2.0"
  resolved "https://registry.yarnpkg.com/@pixi/filter-kawase-blur/-/filter-kawase-blur-3.2.0.tgz#f3fe6e3c17d191ae353959768c1170e85b2ad1dc"
  integrity sha512-IO1UKn/XLvnV+ya4r1UOC9fTfXZjWvH9m6eQ/U+moBsQN5I5FihQfXCu586X4jb9VHNu3gFl7SUzirobhBfgtA==
